
Microsoft Visual Studio Solution File, Format Version 12.00
# Visual Studio Version 16
VisualStudioVersion = 16.0.30717.126
MinimumVisualStudioVersion = 10.0.40219.1
Project("{FAE04EC0-301F-11D3-BF4B-00C04F79EFBC}") = "winfromCrawling", "winfromCrawling.csproj", "{19BB0744-16FF-4904-A777-4A7DABE4C188}"
EndProject
Global
	GlobalSection(SolutionConfigurationPlatforms) = preSolution
		Debug|Any CPU = Debug|Any CPU
		Release|Any CPU = Release|Any CPU
	EndGlobalSection
	GlobalSection(ProjectConfigurationPlatforms) = postSolution
		{19BB0744-16FF-4904-A777-4A7DABE4C188}.Debug|Any CPU.ActiveCfg = Debug|Any CPU
		{19BB0744-16FF-4904-A777-4A7DABE4C188}.Debug|Any CPU.Build.0 = Debug|Any CPU
		{19BB0744-16FF-4904-A777-4A7DABE4C188}.Release|Any CPU.ActiveCfg = Release|Any CPU
		{19BB0744-16FF-4904-A777-4A7DABE4C188}.Release|Any CPU.Build.0 = Release|Any CPU
	EndGlobalSection
	GlobalSection(SolutionProperties) = preSolution
		HideSolutionNode = FALSE
	EndGlobalSection
	GlobalSection(ExtensibilityGlobals) = postSolution
		SolutionGuid = {F9A2F3CE-9893-46C8-BDE0-090D54A5B6E8}
	EndGlobalSection
EndGlobal
